
Microsoft Visual Studio Solution File, Format Version 12.00
# Visual Studio Version 17
VisualStudioVersion = 17.5.33414.496
MinimumVisualStudioVersion = 10.0.40219.1
Project("{FAE04EC0-301F-11D3-BF4B-00C04F79EFBC}") = "EnumExample", "EnumExample\EnumExample.csproj", "{A159DF13-2973-435B-B31B-8E168D6CD877}"
EndProject
Global
	GlobalSection(SolutionConfigurationPlatforms) = preSolution
		Debug|Any CPU = Debug|Any CPU
		Release|Any CPU = Release|Any CPU
	EndGlobalSection
	GlobalSection(ProjectConfigurationPlatforms) = postSolution
		{A159DF13-2973-435B-B31B-8E168D6CD877}.Debug|Any CPU.ActiveCfg = Debug|Any CPU
		{A159DF13-2973-435B-B31B-8E168D6CD877}.Debug|Any CPU.Build.0 = Debug|Any CPU
		{A159DF13-2973-435B-B31B-8E168D6CD877}.Release|Any CPU.ActiveCfg = Release|Any CPU
		{A159DF13-2973-435B-B31B-8E168D6CD877}.Release|Any CPU.Build.0 = Release|Any CPU
	EndGlobalSection
	GlobalSection(SolutionProperties) = preSolution
		HideSolutionNode = FALSE
	EndGlobalSection
	GlobalSection(ExtensibilityGlobals) = postSolution
		SolutionGuid = {13A4BCC1-EEA3-4C68-ACBD-57A8555CC331}
	EndGlobalSection
EndGlobal
